
Microsoft Visual Studio Solution File, Format Version 12.00
# Visual Studio Version 17
VisualStudioVersion = 17.11.35208.52
MinimumVisualStudioVersion = 10.0.40219.1
Project("{FAE04EC0-301F-11D3-BF4B-00C04F79EFBC}") = "SAOnlineMart", "SAOnlineMart.csproj", "{D33FDE99-9C4A-4EB0-B53D-9EDD539326F0}"
EndProject
Global
	GlobalSection(SolutionConfigurationPlatforms) = preSolution
		Debug|Any CPU = Debug|Any CPU
		Release|Any CPU = Release|Any CPU
	EndGlobalSection
	GlobalSection(ProjectConfigurationPlatforms) = postSolution
		{D33FDE99-9C4A-4EB0-B53D-9EDD539326F0}.Debug|Any CPU.ActiveCfg = Debug|Any CPU
		{D33FDE99-9C4A-4EB0-B53D-9EDD539326F0}.Debug|Any CPU.Build.0 = Debug|Any CPU
		{D33FDE99-9C4A-4EB0-B53D-9EDD539326F0}.Release|Any CPU.ActiveCfg = Release|Any CPU
		{D33FDE99-9C4A-4EB0-B53D-9EDD539326F0}.Release|Any CPU.Build.0 = Release|Any CPU
	EndGlobalSection
	GlobalSection(SolutionProperties) = preSolution
		HideSolutionNode = FALSE
	EndGlobalSection
	GlobalSection(ExtensibilityGlobals) = postSolution
		SolutionGuid = {26B7E2FA-C29D-406F-ADC6-5D77C8219ED2}
	EndGlobalSection
EndGlobal
